{
  "name": "bridge-tea-id",
  "version": "1.0.0",
  "lockfileVersion": 3,
  "requires": true,
  "packages": {
    "": {
      "name": "bridge-tea-id",
      "version": "1.0.0",
      "license": "ISC",
      "dependencies": {
        "bridge-tea-id": "^1.0.0"
      }
    },
    "node_modules/bridge-tea-id": {
      "version": "1.0.0",
      "resolved": "https://registry.npmjs.org/bridge-tea-id/-/bridge-tea-id-1.0.0.tgz",
      "integrity": "sha512-dJRQeQVSMD/07aUvrboHWcbOd5CxnjTVPbiZLJoPm9OsFzEA8Qdyvq8Ql5xcQXkDAkoEDl5bTGoawH11Fcou6w=="
    }
  }
}
